
Microsoft Visual Studio Solution File, Format Version 12.00
# Visual Studio Version 17
VisualStudioVersion = 17.5.33516.290
MinimumVisualStudioVersion = 10.0.40219.1
Project("{FAE04EC0-301F-11D3-BF4B-00C04F79EFBC}") = "M7-WEB-BAG", "M7-WEB-BAG.csproj", "{DDDB53A9-36D4-4D2A-A90C-24490E14F259}"
EndProject
Global
	GlobalSection(SolutionConfigurationPlatforms) = preSolution
		Debug|Any CPU = Debug|Any CPU
		Release|Any CPU = Release|Any CPU
	EndGlobalSection
	GlobalSection(ProjectConfigurationPlatforms) = postSolution
		{DDDB53A9-36D4-4D2A-A90C-24490E14F259}.Debug|Any CPU.ActiveCfg = Debug|Any CPU
		{DDDB53A9-36D4-4D2A-A90C-24490E14F259}.Debug|Any CPU.Build.0 = Debug|Any CPU
		{DDDB53A9-36D4-4D2A-A90C-24490E14F259}.Release|Any CPU.ActiveCfg = Release|Any CPU
		{DDDB53A9-36D4-4D2A-A90C-24490E14F259}.Release|Any CPU.Build.0 = Release|Any CPU
	EndGlobalSection
	GlobalSection(SolutionProperties) = preSolution
		HideSolutionNode = FALSE
	EndGlobalSection
	GlobalSection(ExtensibilityGlobals) = postSolution
		SolutionGuid = {F1A68768-73E3-43DB-BBC9-699FE7E2F4D8}
	EndGlobalSection
EndGlobal
